
Microsoft Visual Studio Solution File, Format Version 12.00
# Visual Studio 2017
Project("{FAE04EC0-301F-11D3-BF4B-00C04F79EFBC}") = "ARRPG", "ARRPG.csproj", "{76DE8336-4F1D-8767-1A96-102E81811828}"
EndProject
Project("{FAE04EC0-301F-11D3-BF4B-00C04F79EFBC}") = "Unity.TextMeshPro", "Unity.TextMeshPro.csproj", "{07A21C90-D344-AE1A-8456-9910C203B41A}"
EndProject
Project("{FAE04EC0-301F-11D3-BF4B-00C04F79EFBC}") = "ARRPG.Plugins", "ARRPG.Plugins.csproj", "{A6E7FAC7-5B4C-9532-7E7F-94E64426CFFF}"
EndProject
Project("{FAE04EC0-301F-11D3-BF4B-00C04F79EFBC}") = "ARRPG.Editor.Plugins", "ARRPG.Editor.Plugins.csproj", "{C16656E4-59FF-6C0A-9E75-5F69CC4DF989}"
EndProject
Project("{FAE04EC0-301F-11D3-BF4B-00C04F79EFBC}") = "Unity.PackageManagerUI.Editor", "Unity.PackageManagerUI.Editor.csproj", "{6877705C-FBD9-0C4F-5AFB-6FB431E5D39D}"
EndProject
Project("{FAE04EC0-301F-11D3-BF4B-00C04F79EFBC}") = "Unity.TextMeshPro.Editor", "Unity.TextMeshPro.Editor.csproj", "{3A848AB7-9891-EDDA-D555-BF184C2F81F4}"
EndProject
Project("{FAE04EC0-301F-11D3-BF4B-00C04F79EFBC}") = "UnityEditor.StandardEvents", "UnityEditor.StandardEvents.csproj", "{6800202F-4402-D405-F8CB-03DC7BD78B92}"
EndProject
Project("{FAE04EC0-301F-11D3-BF4B-00C04F79EFBC}") = "ARRPG.Editor", "ARRPG.Editor.csproj", "{64318091-7CFE-D6E6-5711-319E49547908}"
EndProject
Global
	GlobalSection(SolutionConfigurationPlatforms) = preSolution
		Debug|Any CPU = Debug|Any CPU
		Release|Any CPU = Release|Any CPU
	EndGlobalSection
	GlobalSection(ProjectConfigurationPlatforms) = postSolution
		{76DE8336-4F1D-8767-1A96-102E81811828}.Debug|Any CPU.ActiveCfg = Debug|Any CPU
		{76DE8336-4F1D-8767-1A96-102E81811828}.Debug|Any CPU.Build.0 = Debug|Any CPU
		{76DE8336-4F1D-8767-1A96-102E81811828}.Release|Any CPU.ActiveCfg = Release|Any CPU
		{76DE8336-4F1D-8767-1A96-102E81811828}.Release|Any CPU.Build.0 = Release|Any CPU
		{07A21C90-D344-AE1A-8456-9910C203B41A}.Debug|Any CPU.ActiveCfg = Debug|Any CPU
		{07A21C90-D344-AE1A-8456-9910C203B41A}.Debug|Any CPU.Build.0 = Debug|Any CPU
		{07A21C90-D344-AE1A-8456-9910C203B41A}.Release|Any CPU.ActiveCfg = Release|Any CPU
		{07A21C90-D344-AE1A-8456-9910C203B41A}.Release|Any CPU.Build.0 = Release|Any CPU
		{A6E7FAC7-5B4C-9532-7E7F-94E64426CFFF}.Debug|Any CPU.ActiveCfg = Debug|Any CPU
		{A6E7FAC7-5B4C-9532-7E7F-94E64426CFFF}.Debug|Any CPU.Build.0 = Debug|Any CPU
		{A6E7FAC7-5B4C-9532-7E7F-94E64426CFFF}.Release|Any CPU.ActiveCfg = Release|Any CPU
		{A6E7FAC7-5B4C-9532-7E7F-94E64426CFFF}.Release|Any CPU.Build.0 = Release|Any CPU
		{C16656E4-59FF-6C0A-9E75-5F69CC4DF989}.Debug|Any CPU.ActiveCfg = Debug|Any CPU
		{C16656E4-59FF-6C0A-9E75-5F69CC4DF989}.Debug|Any CPU.Build.0 = Debug|Any CPU
		{C16656E4-59FF-6C0A-9E75-5F69CC4DF989}.Release|Any CPU.ActiveCfg = Release|Any CPU
		{C16656E4-59FF-6C0A-9E75-5F69CC4DF989}.Release|Any CPU.Build.0 = Release|Any CPU
		{6877705C-FBD9-0C4F-5AFB-6FB431E5D39D}.Debug|Any CPU.ActiveCfg = Debug|Any CPU
		{6877705C-FBD9-0C4F-5AFB-6FB431E5D39D}.Debug|Any CPU.Build.0 = Debug|Any CPU
		{6877705C-FBD9-0C4F-5AFB-6FB431E5D39D}.Release|Any CPU.ActiveCfg = Release|Any CPU
		{6877705C-FBD9-0C4F-5AFB-6FB431E5D39D}.Release|Any CPU.Build.0 = Release|Any CPU
		{3A848AB7-9891-EDDA-D555-BF184C2F81F4}.Debug|Any CPU.ActiveCfg = Debug|Any CPU
		{3A848AB7-9891-EDDA-D555-BF184C2F81F4}.Debug|Any CPU.Build.0 = Debug|Any CPU
		{3A848AB7-9891-EDDA-D555-BF184C2F81F4}.Release|Any CPU.ActiveCfg = Release|Any CPU
		{3A848AB7-9891-EDDA-D555-BF184C2F81F4}.Release|Any CPU.Build.0 = Release|Any CPU
		{6800202F-4402-D405-F8CB-03DC7BD78B92}.Debug|Any CPU.ActiveCfg = Debug|Any CPU
		{6800202F-4402-D405-F8CB-03DC7BD78B92}.Debug|Any CPU.Build.0 = Debug|Any CPU
		{6800202F-4402-D405-F8CB-03DC7BD78B92}.Release|Any CPU.ActiveCfg = Release|Any CPU
		{6800202F-4402-D405-F8CB-03DC7BD78B92}.Release|Any CPU.Build.0 = Release|Any CPU
		{64318091-7CFE-D6E6-5711-319E49547908}.Debug|Any CPU.ActiveCfg = Debug|Any CPU
		{64318091-7CFE-D6E6-5711-319E49547908}.Debug|Any CPU.Build.0 = Debug|Any CPU
		{64318091-7CFE-D6E6-5711-319E49547908}.Release|Any CPU.ActiveCfg = Release|Any CPU
		{64318091-7CFE-D6E6-5711-319E49547908}.Release|Any CPU.Build.0 = Release|Any CPU
	EndGlobalSection
	GlobalSection(SolutionProperties) = preSolution
		HideSolutionNode = FALSE
	EndGlobalSection
EndGlobal
